{
  "version": "2",
  "remote": {
    "https://deno.land/std@0.151.0/encoding/base64.ts": "c8c16b4adaa60d7a8eee047c73ece26844435e8f7f1328d74593dbb2dd58ea4f",
    "https://deno.land/std@0.84.0/fmt/colors.ts": "d253f2367e5feebcf0f49676533949c09ea07a2d95fb74958f6f5c1c22fbec49",
    "https://deno.land/x/minifier@v1.1.1/cli.ts": "6f14ffef36d086cb4e47fad7169c84dddd3300852f1abf4809da10959cb7e012",
    "https://deno.land/x/minifier@v1.1.1/mod.ts": "f911c7e17079a31709dd4041207a48b3c6df50961d8687029681776f98005b89",
    "https://deno.land/x/minifier@v1.1.1/wasm.js": "3226ccb35a4fcf31362cc50b5ea2e1276aaae01d116dc090f38ee8169e015ebc",
    "https://deno.land/x/offgrid_engine@v1.0.0/main.ts": "e02db1d413548e17f080d336d0c7596777f91709d603a059fc65fd7367de6bc7",
    "https://deno.land/x/offgrid_handlebars@v1.0.0/deps.ts": "e3c445b0f447dbe3824a9ab103f213dc0328d50c7c370b10c9d45f843743f513",
    "https://deno.land/x/offgrid_handlebars@v1.0.0/main.ts": "b0b30884f801ba7e2527412c54452fa1f2eee7e426697c4dda11fc152599c733",
    "https://gist.githubusercontent.com/mstoecklein/6f0787c663101f78367586d675dd2088/raw/23880bb798f55611fa6a6fd46a8a77294ef956d2/globals.d.ts": "7a88acfc3b1df6abc6b3ef59f7f397f7ef80bba649daca8920b944d0c0aa9abf",
    "https://unpkg.com/handlebars@4.7.7/lib/handlebars.js": "1be6004eb7c14597dbe99c82c2d4915ba1f46d7ce18121191add539d16148357",
    "https://unpkg.com/handlebars@4.7.7/lib/handlebars.runtime.js": "6584ea0310ffd0ae5d467038d360f7072690071be62e23cf3100f34ddc11ebd3",
    "https://unpkg.com/handlebars@4.7.7/lib/handlebars/base.js": "81f73a72082ca92f40e08994704a40ea91dcf5c88fc4b958c738fdaf7c727461",
    "https://unpkg.com/handlebars@4.7.7/lib/handlebars/compiler/ast.js": "f7834cb7302c0bb6fed0998526a649385bde8fa2fbfa19439414ee48483490a9",
    "https://unpkg.com/handlebars@4.7.7/lib/handlebars/compiler/base.js": "a21a57bff908da3b28f3373aaa2d35f154f925d20d9b5d0b45d0e0bf9e822d24",
    "https://unpkg.com/handlebars@4.7.7/lib/handlebars/compiler/code-gen.js": "3f5a80a64945ae051b84afe99613e30fe0068631321dafc3454d215f6fa0257a",
    "https://unpkg.com/handlebars@4.7.7/lib/handlebars/compiler/compiler.js": "f0c973c2c4b2f10b70275c205b9c26a72bf75cb12eb156ef0a3fc3f9fd486184",
    "https://unpkg.com/handlebars@4.7.7/lib/handlebars/compiler/helpers.js": "ac0380274808c2a845150f1ca3615bf7dfe627b1acb4e727bc752aa287ce868d",
    "https://unpkg.com/handlebars@4.7.7/lib/handlebars/compiler/javascript-compiler.js": "5c350cc0c688ed7ed4c8c73ff2e969dc057f62b9fe231c8c17ade4ee04fd951f",
    "https://unpkg.com/handlebars@4.7.7/lib/handlebars/compiler/parser.js": "9241966f662ffb687d8eef05ba41853f653bf59b46db307ec9122e4dcb191ca8",
    "https://unpkg.com/handlebars@4.7.7/lib/handlebars/compiler/visitor.js": "991656a5640152d7f9a5a77ce75e2fa29310aef3d881cfabac8a9f87f658930f",
    "https://unpkg.com/handlebars@4.7.7/lib/handlebars/compiler/whitespace-control.js": "23446282cf8f85ba1df86bf7f0020576bb115d9a6757eab9c1bc14376c47ca89",
    "https://unpkg.com/handlebars@4.7.7/lib/handlebars/decorators.js": "b08bdeb717cbebcf93227c8d335c58c41fc3af62260fe69a3f801bd621ebb3d6",
    "https://unpkg.com/handlebars@4.7.7/lib/handlebars/decorators/inline.js": "81a2d144b673b685617c70019e76e2aae77ec34448ec48977dd7391877956bc3",
    "https://unpkg.com/handlebars@4.7.7/lib/handlebars/exception.js": "3846fb7ab596513bcd4cff783097fa8ace98a9eedbfbabc52cdb8713a14809bf",
    "https://unpkg.com/handlebars@4.7.7/lib/handlebars/helpers.js": "4227f003c520c3d47860e2d507829faad793db32101e349f1c19d9ed107d72af",
    "https://unpkg.com/handlebars@4.7.7/lib/handlebars/helpers/block-helper-missing.js": "04cd69cec999a205249d76387ea04c4a540530d0fdb87b4885581ff9a7cfa5b9",
    "https://unpkg.com/handlebars@4.7.7/lib/handlebars/helpers/each.js": "b659d42c8cd4032f1f39d39c20c745cd99c564b380ea67148e1fb26cf140d461",
    "https://unpkg.com/handlebars@4.7.7/lib/handlebars/helpers/helper-missing.js": "dac2efacfff0625e09403ad2651d8ccaffda03dacc571d1c0339e8297c0a16e6",
    "https://unpkg.com/handlebars@4.7.7/lib/handlebars/helpers/if.js": "c9e209b7aa4dda08f35a03255d549c662ba67c20d5499dbef9dc68c8bbaa9d59",
    "https://unpkg.com/handlebars@4.7.7/lib/handlebars/helpers/log.js": "6578dcc8b30cd900785e6fce7555a16a3b88fefe34bf5a00f4fc6a0e9b1213c7",
    "https://unpkg.com/handlebars@4.7.7/lib/handlebars/helpers/lookup.js": "05f7afa72e416faba2a5c80a352f513ec7ca293a4f87f69bdc89b9eed71c311f",
    "https://unpkg.com/handlebars@4.7.7/lib/handlebars/helpers/with.js": "15678784198fe6eec12171b881e1cf105164b9c65e1c79e196b568f5e40eacee",
    "https://unpkg.com/handlebars@4.7.7/lib/handlebars/internal/create-new-lookup-object.js": "c332773a3c14d3e759e38c0603a9bef7929767698673a7d777aae2106fb5f3ba",
    "https://unpkg.com/handlebars@4.7.7/lib/handlebars/internal/proto-access.js": "8cf24ab03ca92ed9dca0dfa1330187c99b30337c76e9bec01fb435d6969aac9a",
    "https://unpkg.com/handlebars@4.7.7/lib/handlebars/internal/wrapHelper.js": "1c3ae62f4ceeecad509f1a405853fd9a548c937004282584296d52272377bb71",
    "https://unpkg.com/handlebars@4.7.7/lib/handlebars/logger.js": "4ae319352268d99a4acad3f1bd9732ba154c7189c910f31ae70f4ee379e78c26",
    "https://unpkg.com/handlebars@4.7.7/lib/handlebars/no-conflict.js": "58155446673c69bf35fcc0bc0efd46769cd4cf12423d7621afa706627ed60e6b",
    "https://unpkg.com/handlebars@4.7.7/lib/handlebars/runtime.js": "8ab4414b4ca9c1f019b5f8d353c312f6ec18f7172dbec6a0bc2ff9c70ca5706b",
    "https://unpkg.com/handlebars@4.7.7/lib/handlebars/safe-string.js": "214c12a416acf0d941eb8c38b5032a59794aaa680758fbf088d7d23930d0f529",
    "https://unpkg.com/handlebars@4.7.7/lib/handlebars/utils.js": "0d4be6fcac8a72602abd5b820ace58ef05d166307d6c31c28854acf27217fd04"
  }
}
